// !$*UTF8*$!
{
	archiveVersion = 1;
	classes = {
	};
	objectVersion = 48;
	objects = {

/* Begin PBXBuildFile section */
		C19A50075A154C6F8496D6D1 /* Pods_QRCodeReader.framework in Frameworks */ = {isa = PBXBuildFile; fileRef = 2FA75944678301329F3DDCC3 /* Pods_QRCodeReader.framework */; };
		F506E3EC200545DE00DBC504 /* MainViewController.swift in Sources */ = {isa = PBXBuildFile; fileRef = F506E3EB200545DE00DBC504 /* MainViewController.swift */; };
		F506E3F0200545F400DBC504 /* CameraViewController.swift in Sources */ = {isa = PBXBuildFile; fileRef = F506E3EF200545F400DBC504 /* CameraViewController.swift */; };
		F506E3F720054B2A00DBC504 /* String.swift in Sources */ = {isa = PBXBuildFile; fileRef = F506E3F620054B2A00DBC504 /* String.swift */; };
		F506E3FA2005515E00DBC504 /* SettingsViewController.swift in Sources */ = {isa = PBXBuildFile; fileRef = F506E3F92005515E00DBC504 /* SettingsViewController.swift */; };
		F506E4052005546900DBC504 /* SharpSans-Bold.otf in Resources */ = {isa = PBXBuildFile; fileRef = F506E4032005546900DBC504 /* SharpSans-Bold.otf */; };
		F506E4062005546A00DBC504 /* SharpSans-BoldItalic.otf in Resources */ = {isa = PBXBuildFile; fileRef = F506E4042005546900DBC504 /* SharpSans-BoldItalic.otf */; };
		F506E4092005548E00DBC504 /* MarkOT.otf in Resources */ = {isa = PBXBuildFile; fileRef = F506E4082005548E00DBC504 /* MarkOT.otf */; };
		F506E40B2005549400DBC504 /* MarkOT-Medium.otf in Resources */ = {isa = PBXBuildFile; fileRef = F506E40A2005549400DBC504 /* MarkOT-Medium.otf */; };
		F506E40D2005549A00DBC504 /* MarkOT-Bold.otf in Resources */ = {isa = PBXBuildFile; fileRef = F506E40C2005549A00DBC504 /* MarkOT-Bold.otf */; };
		F506E4102005553F00DBC504 /* Font.swift in Sources */ = {isa = PBXBuildFile; fileRef = F506E40F2005553F00DBC504 /* Font.swift */; };
		F506E41320055E7C00DBC504 /* TitleImageCell.swift in Sources */ = {isa = PBXBuildFile; fileRef = F506E41220055E7C00DBC504 /* TitleImageCell.swift */; };
		F506E41620056E5B00DBC504 /* ViewController.swift in Sources */ = {isa = PBXBuildFile; fileRef = F506E41520056E5B00DBC504 /* ViewController.swift */; };
		F5673FAB2006B4B70024B663 /* Button.swift in Sources */ = {isa = PBXBuildFile; fileRef = F5673FAA2006B4B70024B663 /* Button.swift */; };
		F5786E4F2005295700CB4D94 /* AppDelegate.swift in Sources */ = {isa = PBXBuildFile; fileRef = F5786E4E2005295700CB4D94 /* AppDelegate.swift */; };
		F5786E562005295700CB4D94 /* Assets.xcassets in Resources */ = {isa = PBXBuildFile; fileRef = F5786E552005295700CB4D94 /* Assets.xcassets */; };
		F5786E592005295700CB4D94 /* LaunchScreen.storyboard in Resources */ = {isa = PBXBuildFile; fileRef = F5786E572005295700CB4D94 /* LaunchScreen.storyboard */; };
/* End PBXBuildFile section */

/* Begin PBXFileReference section */
		1DAF3606AC0631159D451D28 /* Pods-QRCodeReader.release.xcconfig */ = {isa = PBXFileReference; includeInIndex = 1; lastKnownFileType = text.xcconfig; name = "Pods-QRCodeReader.release.xcconfig"; path = "Pods/Target Support Files/Pods-QRCodeReader/Pods-QRCodeReader.release.xcconfig"; sourceTree = "<group>"; };
		2FA75944678301329F3DDCC3 /* Pods_QRCodeReader.framework */ = {isa = PBXFileReference; explicitFileType = wrapper.framework; includeInIndex = 0; path = Pods_QRCodeReader.framework; sourceTree = BUILT_PRODUCTS_DIR; };
		D5579718568F7D5533C24581 /* Pods-QRCodeReader.debug.xcconfig */ = {isa = PBXFileReference; includeInIndex = 1; lastKnownFileType = text.xcconfig; name = "Pods-QRCodeReader.debug.xcconfig"; path = "Pods/Target Support Files/Pods-QRCodeReader/Pods-QRCodeReader.debug.xcconfig"; sourceTree = "<group>"; };
		F506E3EB200545DE00DBC504 /* MainViewController.swift */ = {isa = PBXFileReference; lastKnownFileType = sourcecode.swift; path = MainViewController.swift; sourceTree = "<group>"; };
		F506E3EF200545F400DBC504 /* CameraViewController.swift */ = {isa = PBXFileReference; lastKnownFileType = sourcecode.swift; path = CameraViewController.swift; sourceTree = "<group>"; };
		F506E3F620054B2A00DBC504 /* String.swift */ = {isa = PBXFileReference; lastKnownFileType = sourcecode.swift; path = String.swift; sourceTree = "<group>"; };
		F506E3F92005515E00DBC504 /* SettingsViewController.swift */ = {isa = PBXFileReference; lastKnownFileType = sourcecode.swift; path = SettingsViewController.swift; sourceTree = "<group>"; };
		F506E4032005546900DBC504 /* SharpSans-Bold.otf */ = {isa = PBXFileReference; lastKnownFileType = file; path = "SharpSans-Bold.otf"; sourceTree = "<group>"; };
		F506E4042005546900DBC504 /* SharpSans-BoldItalic.otf */ = {isa = PBXFileReference; lastKnownFileType = file; path = "SharpSans-BoldItalic.otf"; sourceTree = "<group>"; };
		F506E4082005548E00DBC504 /* MarkOT.otf */ = {isa = PBXFileReference; lastKnownFileType = file; path = MarkOT.otf; sourceTree = "<group>"; };
		F506E40A2005549400DBC504 /* MarkOT-Medium.otf */ = {isa = PBXFileReference; lastKnownFileType = file; path = "MarkOT-Medium.otf"; sourceTree = "<group>"; };
		F506E40C2005549A00DBC504 /* MarkOT-Bold.otf */ = {isa = PBXFileReference; lastKnownFileType = file; path = "MarkOT-Bold.otf"; sourceTree = "<group>"; };
		F506E40F2005553F00DBC504 /* Font.swift */ = {isa = PBXFileReference; lastKnownFileType = sourcecode.swift; path = Font.swift; sourceTree = "<group>"; };
		F506E41220055E7C00DBC504 /* TitleImageCell.swift */ = {isa = PBXFileReference; lastKnownFileType = sourcecode.swift; path = TitleImageCell.swift; sourceTree = "<group>"; };
		F506E41520056E5B00DBC504 /* ViewController.swift */ = {isa = PBXFileReference; lastKnownFileType = sourcecode.swift; path = ViewController.swift; sourceTree = "<group>"; };
		F5673FAA2006B4B70024B663 /* Button.swift */ = {isa = PBXFileReference; lastKnownFileType = sourcecode.swift; path = Button.swift; sourceTree = "<group>"; };
		F5786E4B2005295700CB4D94 /* QRCodeReader.app */ = {isa = PBXFileReference; explicitFileType = wrapper.application; includeInIndex = 0; path = QRCodeReader.app; sourceTree = BUILT_PRODUCTS_DIR; };
		F5786E4E2005295700CB4D94 /* AppDelegate.swift */ = {isa = PBXFileReference; lastKnownFileType = sourcecode.swift; path = AppDelegate.swift; sourceTree = "<group>"; };
		F5786E552005295700CB4D94 /* Assets.xcassets */ = {isa = PBXFileReference; lastKnownFileType = folder.assetcatalog; path = Assets.xcassets; sourceTree = "<group>"; };
		F5786E582005295700CB4D94 /* Base */ = {isa = PBXFileReference; lastKnownFileType = file.storyboard; name = Base; path = Base.lproj/LaunchScreen.storyboard; sourceTree = "<group>"; };
		F5786E5A2005295700CB4D94 /* Info.plist */ = {isa = PBXFileReference; lastKnownFileType = text.plist.xml; path = Info.plist; sourceTree = "<group>"; };
/* End PBXFileReference section */

/* Begin PBXFrameworksBuildPhase section */
		F5786E482005295700CB4D94 /* Frameworks */ = {
			isa = PBXFrameworksBuildPhase;
			buildActionMask = 2147483647;
			files = (
				C19A50075A154C6F8496D6D1 /* Pods_QRCodeReader.framework in Frameworks */,
			);
			runOnlyForDeploymentPostprocessing = 0;
		};
/* End PBXFrameworksBuildPhase section */

/* Begin PBXGroup section */
		2BB5F325B5D17B9B9586F67D /* Frameworks */ = {
			isa = PBXGroup;
			children = (
				2FA75944678301329F3DDCC3 /* Pods_QRCodeReader.framework */,
			);
			name = Frameworks;
			sourceTree = "<group>";
		};
		AB7BFADC572B856C3C78142D /* Pods */ = {
			isa = PBXGroup;
			children = (
				D5579718568F7D5533C24581 /* Pods-QRCodeReader.debug.xcconfig */,
				1DAF3606AC0631159D451D28 /* Pods-QRCodeReader.release.xcconfig */,
			);
			name = Pods;
			sourceTree = "<group>";
		};
		F506E3EA200545CC00DBC504 /* Secions */ = {
			isa = PBXGroup;
			children = (
				F506E3F82005515600DBC504 /* Settings */,
				F506E3ED200545E100DBC504 /* Camera */,
				F506E3EB200545DE00DBC504 /* MainViewController.swift */,
			);
			path = Secions;
			sourceTree = "<group>";
		};
		F506E3ED200545E100DBC504 /* Camera */ = {
			isa = PBXGroup;
			children = (
				F506E3EF200545F400DBC504 /* CameraViewController.swift */,
			);
			path = Camera;
			sourceTree = "<group>";
		};
		F506E3F320054B1600DBC504 /* Utilities */ = {
			isa = PBXGroup;
			children = (
				F506E3F420054B1E00DBC504 /* Extensions */,
			);
			path = Utilities;
			sourceTree = "<group>";
		};
		F506E3F420054B1E00DBC504 /* Extensions */ = {
			isa = PBXGroup;
			children = (
				F5673FA92006B4B10024B663 /* Button */,
				F506E41420056E5300DBC504 /* ViewController */,
				F506E40E2005553A00DBC504 /* Font */,
				F506E3F520054B2600DBC504 /* String */,
			);
			path = Extensions;
			sourceTree = "<group>";
		};
		F506E3F520054B2600DBC504 /* String */ = {
			isa = PBXGroup;
			children = (
				F506E3F620054B2A00DBC504 /* String.swift */,
			);
			path = String;
			sourceTree = "<group>";
		};
		F506E3F82005515600DBC504 /* Settings */ = {
			isa = PBXGroup;
			children = (
				F506E3F92005515E00DBC504 /* SettingsViewController.swift */,
			);
			path = Settings;
			sourceTree = "<group>";
		};
		F506E3FB2005538800DBC504 /* UIComponents */ = {
			isa = PBXGroup;
			children = (
				F506E3FC2005539100DBC504 /* CollectionCells */,
			);
			path = UIComponents;
			sourceTree = "<group>";
		};
		F506E3FC2005539100DBC504 /* CollectionCells */ = {
			isa = PBXGroup;
			children = (
				F506E41120055E7200DBC504 /* TitleImage */,
			);
			path = CollectionCells;
			sourceTree = "<group>";
		};
		F506E4002005544300DBC504 /* Supporting Files */ = {
			isa = PBXGroup;
			children = (
				F506E4012005545B00DBC504 /* Fonts */,
			);
			path = "Supporting Files";
			sourceTree = "<group>";
		};
		F506E4012005545B00DBC504 /* Fonts */ = {
			isa = PBXGroup;
			children = (
				F506E4072005547A00DBC504 /* MarkPro */,
				F506E4022005545F00DBC504 /* SharpSans */,
			);
			path = Fonts;
			sourceTree = "<group>";
		};
		F506E4022005545F00DBC504 /* SharpSans */ = {
			isa = PBXGroup;
			children = (
				F506E4032005546900DBC504 /* SharpSans-Bold.otf */,
				F506E4042005546900DBC504 /* SharpSans-BoldItalic.otf */,
			);
			path = SharpSans;
			sourceTree = "<group>";
		};
		F506E4072005547A00DBC504 /* MarkPro */ = {
			isa = PBXGroup;
			children = (
				F506E4082005548E00DBC504 /* MarkOT.otf */,
				F506E40C2005549A00DBC504 /* MarkOT-Bold.otf */,
				F506E40A2005549400DBC504 /* MarkOT-Medium.otf */,
			);
			path = MarkPro;
			sourceTree = "<group>";
		};
		F506E40E2005553A00DBC504 /* Font */ = {
			isa = PBXGroup;
			children = (
				F506E40F2005553F00DBC504 /* Font.swift */,
			);
			path = Font;
			sourceTree = "<group>";
		};
		F506E41120055E7200DBC504 /* TitleImage */ = {
			isa = PBXGroup;
			children = (
				F506E41220055E7C00DBC504 /* TitleImageCell.swift */,
			);
			name = TitleImage;
			path = Settings;
			sourceTree = "<group>";
		};
		F506E41420056E5300DBC504 /* ViewController */ = {
			isa = PBXGroup;
			children = (
				F506E41520056E5B00DBC504 /* ViewController.swift */,
			);
			path = ViewController;
			sourceTree = "<group>";
		};
		F5673FA92006B4B10024B663 /* Button */ = {
			isa = PBXGroup;
			children = (
				F5673FAA2006B4B70024B663 /* Button.swift */,
			);
			path = Button;
			sourceTree = "<group>";
		};
		F5786E422005295700CB4D94 = {
			isa = PBXGroup;
			children = (
				F5786E4D2005295700CB4D94 /* QRCodeReader */,
				F5786E4C2005295700CB4D94 /* Products */,
				AB7BFADC572B856C3C78142D /* Pods */,
				2BB5F325B5D17B9B9586F67D /* Frameworks */,
			);
			sourceTree = "<group>";
		};
		F5786E4C2005295700CB4D94 /* Products */ = {
			isa = PBXGroup;
			children = (
				F5786E4B2005295700CB4D94 /* QRCodeReader.app */,
			);
			name = Products;
			sourceTree = "<group>";
		};
		F5786E4D2005295700CB4D94 /* QRCodeReader */ = {
			isa = PBXGroup;
			children = (
				F506E4002005544300DBC504 /* Supporting Files */,
				F506E3FB2005538800DBC504 /* UIComponents */,
				F506E3F320054B1600DBC504 /* Utilities */,
				F506E3EA200545CC00DBC504 /* Secions */,
				F5786E4E2005295700CB4D94 /* AppDelegate.swift */,
				F5786E552005295700CB4D94 /* Assets.xcassets */,
				F5786E572005295700CB4D94 /* LaunchScreen.storyboard */,
				F5786E5A2005295700CB4D94 /* Info.plist */,
			);
			path = QRCodeReader;
			sourceTree = "<group>";
		};
/* End PBXGroup section */

/* Begin PBXNativeTarget section */
		F5786E4A2005295700CB4D94 /* QRCodeReader */ = {
			isa = PBXNativeTarget;
			buildConfigurationList = F5786E5D2005295700CB4D94 /* Build configuration list for PBXNativeTarget "QRCodeReader" */;
			buildPhases = (
				2E252C6CE0B0C1883C334E20 /* [CP] Check Pods Manifest.lock */,
				F5786E472005295700CB4D94 /* Sources */,
				F5786E482005295700CB4D94 /* Frameworks */,
				F5786E492005295700CB4D94 /* Resources */,
				6556641EC2FCB65663A5A729 /* [CP] Embed Pods Frameworks */,
				A328465D8F0F00497F1AF5EB /* [CP] Copy Pods Resources */,
			);
			buildRules = (
			);
			dependencies = (
			);
			name = QRCodeReader;
			productName = QRCodeReader;
			productReference = F5786E4B2005295700CB4D94 /* QRCodeReader.app */;
			productType = "com.apple.product-type.application";
		};
/* End PBXNativeTarget section */

/* Begin PBXProject section */
		F5786E432005295700CB4D94 /* Project object */ = {
			isa = PBXProject;
			attributes = {
				LastSwiftUpdateCheck = 0920;
				LastUpgradeCheck = 0920;
				ORGANIZATIONNAME = Fevo;
				TargetAttributes = {
					F5786E4A2005295700CB4D94 = {
						CreatedOnToolsVersion = 9.2;
						ProvisioningStyle = Automatic;
					};
				};
			};
			buildConfigurationList = F5786E462005295700CB4D94 /* Build configuration list for PBXProject "QRCodeReader" */;
			compatibilityVersion = "Xcode 8.0";
			developmentRegion = en;
			hasScannedForEncodings = 0;
			knownRegions = (
				en,
				Base,
			);
			mainGroup = F5786E422005295700CB4D94;
			productRefGroup = F5786E4C2005295700CB4D94 /* Products */;
			projectDirPath = "";
			projectRoot = "";
			targets = (
				F5786E4A2005295700CB4D94 /* QRCodeReader */,
			);
		};
/* End PBXProject section */

/* Begin PBXResourcesBuildPhase section */
		F5786E492005295700CB4D94 /* Resources */ = {
			isa = PBXResourcesBuildPhase;
			buildActionMask = 2147483647;
			files = (
				F506E4052005546900DBC504 /* SharpSans-Bold.otf in Resources */,
				F506E40D2005549A00DBC504 /* MarkOT-Bold.otf in Resources */,
				F5786E592005295700CB4D94 /* LaunchScreen.storyboard in Resources */,
				F506E4062005546A00DBC504 /* SharpSans-BoldItalic.otf in Resources */,
				F5786E562005295700CB4D94 /* Assets.xcassets in Resources */,
				F506E40B2005549400DBC504 /* MarkOT-Medium.otf in Resources */,
				F506E4092005548E00DBC504 /* MarkOT.otf in Resources */,
			);
			runOnlyForDeploymentPostprocessing = 0;
		};
/* End PBXResourcesBuildPhase section */

/* Begin PBXShellScriptBuildPhase section */
		2E252C6CE0B0C1883C334E20 /* [CP] Check Pods Manifest.lock */ = {
			isa = PBXShellScriptBuildPhase;
			buildActionMask = 2147483647;
			files = (
			);
			inputPaths = (
				"${PODS_PODFILE_DIR_PATH}/Podfile.lock",
				"${PODS_ROOT}/Manifest.lock",
			);
			name = "[CP] Check Pods Manifest.lock";
			outputPaths = (
				"$(DERIVED_FILE_DIR)/Pods-QRCodeReader-checkManifestLockResult.txt",
			);
			runOnlyForDeploymentPostprocessing = 0;
			shellPath = /bin/sh;
			shellScript = "diff \"${PODS_PODFILE_DIR_PATH}/Podfile.lock\" \"${PODS_ROOT}/Manifest.lock\" > /dev/null\nif [ $? != 0 ] ; then\n    # print error to STDERR\n    echo \"error: The sandbox is not in sync with the Podfile.lock. Run 'pod install' or update your CocoaPods installation.\" >&2\n    exit 1\nfi\n# This output is used by Xcode 'outputs' to avoid re-running this script phase.\necho \"SUCCESS\" > \"${SCRIPT_OUTPUT_FILE_0}\"\n";
			showEnvVarsInLog = 0;
		};
		6556641EC2FCB65663A5A729 /* [CP] Embed Pods Frameworks */ = {
			isa = PBXShellScriptBuildPhase;
			buildActionMask = 2147483647;
			files = (
			);
			inputPaths = (
				"${SRCROOT}/Pods/Target Support Files/Pods-QRCodeReader/Pods-QRCodeReader-frameworks.sh",
				"${BUILT_PRODUCTS_DIR}/SnapKit/SnapKit.framework",
			);
			name = "[CP] Embed Pods Frameworks";
			outputPaths = (
				"${TARGET_BUILD_DIR}/${FRAMEWORKS_FOLDER_PATH}/SnapKit.framework",
			);
			runOnlyForDeploymentPostprocessing = 0;
			shellPath = /bin/sh;
			shellScript = "\"${SRCROOT}/Pods/Target Support Files/Pods-QRCodeReader/Pods-QRCodeReader-frameworks.sh\"\n";
			showEnvVarsInLog = 0;
		};
		A328465D8F0F00497F1AF5EB /* [CP] Copy Pods Resources */ = {
			isa = PBXShellScriptBuildPhase;
			buildActionMask = 2147483647;
			files = (
			);
			inputPaths = (
			);
			name = "[CP] Copy Pods Resources";
			outputPaths = (
			);
			runOnlyForDeploymentPostprocessing = 0;
			shellPath = /bin/sh;
			shellScript = "\"${SRCROOT}/Pods/Target Support Files/Pods-QRCodeReader/Pods-QRCodeReader-resources.sh\"\n";
			showEnvVarsInLog = 0;
		};
/* End PBXShellScriptBuildPhase section */

/* Begin PBXSourcesBuildPhase section */
		F5786E472005295700CB4D94 /* Sources */ = {
			isa = PBXSourcesBuildPhase;
			buildActionMask = 2147483647;
			files = (
				F5786E4F2005295700CB4D94 /* AppDelegate.swift in Sources */,
				F506E3EC200545DE00DBC504 /* MainViewController.swift in Sources */,
				F506E3F720054B2A00DBC504 /* String.swift in Sources */,
				F506E4102005553F00DBC504 /* Font.swift in Sources */,
				F506E3FA2005515E00DBC504 /* SettingsViewController.swift in Sources */,
				F506E3F0200545F400DBC504 /* CameraViewController.swift in Sources */,
				F506E41620056E5B00DBC504 /* ViewController.swift in Sources */,
				F5673FAB2006B4B70024B663 /* Button.swift in Sources */,
				F506E41320055E7C00DBC504 /* TitleImageCell.swift in Sources */,
			);
			runOnlyForDeploymentPostprocessing = 0;
		};
/* End PBXSourcesBuildPhase section */

/* Begin PBXVariantGroup section */
		F5786E572005295700CB4D94 /* LaunchScreen.storyboard */ = {
			isa = PBXVariantGroup;
			children = (
				F5786E582005295700CB4D94 /* Base */,
			);
			name = LaunchScreen.storyboard;
			sourceTree = "<group>";
		};
/* End PBXVariantGroup section */

/* Begin XCBuildConfiguration section */
		F5786E5B2005295700CB4D94 /* Debug */ = {
			isa = XCBuildConfiguration;
			buildSettings = {
				ALWAYS_SEARCH_USER_PATHS = NO;
				CLANG_ANALYZER_NONNULL = YES;
				CLANG_ANALYZER_NUMBER_OBJECT_CONVERSION = YES_AGGRESSIVE;
				CLANG_CXX_LANGUAGE_STANDARD = "gnu++14";
				CLANG_CXX_LIBRARY = "libc++";
				CLANG_ENABLE_MODULES = YES;
				CLANG_ENABLE_OBJC_ARC = YES;
				CLANG_WARN_BLOCK_CAPTURE_AUTORELEASING = YES;
				CLANG_WARN_BOOL_CONVERSION = YES;
				CLANG_WARN_COMMA = YES;
				CLANG_WARN_CONSTANT_CONVERSION = YES;
				CLANG_WARN_DIRECT_OBJC_ISA_USAGE = YES_ERROR;
				CLANG_WARN_DOCUMENTATION_COMMENTS = YES;
				CLANG_WARN_EMPTY_BODY = YES;
				CLANG_WARN_ENUM_CONVERSION = YES;
				CLANG_WARN_INFINITE_RECURSION = YES;
				CLANG_WARN_INT_CONVERSION = YES;
				CLANG_WARN_NON_LITERAL_NULL_CONVERSION = YES;
				CLANG_WARN_OBJC_LITERAL_CONVERSION = YES;
				CLANG_WARN_OBJC_ROOT_CLASS = YES_ERROR;
				CLANG_WARN_RANGE_LOOP_ANALYSIS = YES;
				CLANG_WARN_STRICT_PROTOTYPES = YES;
				CLANG_WARN_SUSPICIOUS_MOVE = YES;
				CLANG_WARN_UNGUARDED_AVAILABILITY = YES_AGGRESSIVE;
				CLANG_WARN_UNREACHABLE_CODE = YES;
				CLANG_WARN__DUPLICATE_METHOD_MATCH = YES;
				CODE_SIGN_IDENTITY = "iPhone Developer";
				COPY_PHASE_STRIP = NO;
				DEBUG_INFORMATION_FORMAT = dwarf;
				ENABLE_STRICT_OBJC_MSGSEND = YES;
				ENABLE_TESTABILITY = YES;
				GCC_C_LANGUAGE_STANDARD = gnu11;
				GCC_DYNAMIC_NO_PIC = NO;
				GCC_NO_COMMON_BLOCKS = YES;
				GCC_OPTIMIZATION_LEVEL = 0;
				GCC_PREPROCESSOR_DEFINITIONS = (
					"DEBUG=1",
					"$(inherited)",
				);
				GCC_WARN_64_TO_32_BIT_CONVERSION = YES;
				GCC_WARN_ABOUT_RETURN_TYPE = YES_ERROR;
				GCC_WARN_UNDECLARED_SELECTOR = YES;
				GCC_WARN_UNINITIALIZED_AUTOS = YES_AGGRESSIVE;
				GCC_WARN_UNUSED_FUNCTION = YES;
				GCC_WARN_UNUSED_VARIABLE = YES;
				IPHONEOS_DEPLOYMENT_TARGET = 11.2;
				MTL_ENABLE_DEBUG_INFO = YES;
				ONLY_ACTIVE_ARCH = YES;
				SDKROOT = iphoneos;
				SWIFT_ACTIVE_COMPILATION_CONDITIONS = DEBUG;
				SWIFT_OPTIMIZATION_LEVEL = "-Onone";
			};
			name = Debug;
		};
		F5786E5C2005295700CB4D94 /* Release */ = {
			isa = XCBuildConfiguration;
			buildSettings = {
				ALWAYS_SEARCH_USER_PATHS = NO;
				CLANG_ANALYZER_NONNULL = YES;
				CLANG_ANALYZER_NUMBER_OBJECT_CONVERSION = YES_AGGRESSIVE;
				CLANG_CXX_LANGUAGE_STANDARD = "gnu++14";
				CLANG_CXX_LIBRARY = "libc++";
				CLANG_ENABLE_MODULES = YES;
				CLANG_ENABLE_OBJC_ARC = YES;
				CLANG_WARN_BLOCK_CAPTURE_AUTORELEASING = YES;
				CLANG_WARN_BOOL_CONVERSION = YES;
				CLANG_WARN_COMMA = YES;
				CLANG_WARN_CONSTANT_CONVERSION = YES;
				CLANG_WARN_DIRECT_OBJC_ISA_USAGE = YES_ERROR;
				CLANG_WARN_DOCUMENTATION_COMMENTS = YES;
				CLANG_WARN_EMPTY_BODY = YES;
				CLANG_WARN_ENUM_CONVERSION = YES;
				CLANG_WARN_INFINITE_RECURSION = YES;
				CLANG_WARN_INT_CONVERSION = YES;
				CLANG_WARN_NON_LITERAL_NULL_CONVERSION = YES;
				CLANG_WARN_OBJC_LITERAL_CONVERSION = YES;
				CLANG_WARN_OBJC_ROOT_CLASS = YES_ERROR;
				CLANG_WARN_RANGE_LOOP_ANALYSIS = YES;
				CLANG_WARN_STRICT_PROTOTYPES = YES;
				CLANG_WARN_SUSPICIOUS_MOVE = YES;
				CLANG_WARN_UNGUARDED_AVAILABILITY = YES_AGGRESSIVE;
				CLANG_WARN_UNREACHABLE_CODE = YES;
				CLANG_WARN__DUPLICATE_METHOD_MATCH = YES;
				CODE_SIGN_IDENTITY = "iPhone Developer";
				COPY_PHASE_STRIP = NO;
				DEBUG_INFORMATION_FORMAT = "dwarf-with-dsym";
				ENABLE_NS_ASSERTIONS = NO;
				ENABLE_STRICT_OBJC_MSGSEND = YES;
				GCC_C_LANGUAGE_STANDARD = gnu11;
				GCC_NO_COMMON_BLOCKS = YES;
				GCC_WARN_64_TO_32_BIT_CONVERSION = YES;
				GCC_WARN_ABOUT_RETURN_TYPE = YES_ERROR;
				GCC_WARN_UNDECLARED_SELECTOR = YES;
				GCC_WARN_UNINITIALIZED_AUTOS = YES_AGGRESSIVE;
				GCC_WARN_UNUSED_FUNCTION = YES;
				GCC_WARN_UNUSED_VARIABLE = YES;
				IPHONEOS_DEPLOYMENT_TARGET = 11.2;
				MTL_ENABLE_DEBUG_INFO = NO;
				SDKROOT = iphoneos;
				SWIFT_OPTIMIZATION_LEVEL = "-Owholemodule";
				VALIDATE_PRODUCT = YES;
			};
			name = Release;
		};
		F5786E5E2005295700CB4D94 /* Debug */ = {
			isa = XCBuildConfiguration;
			baseConfigurationReference = D5579718568F7D5533C24581 /* Pods-QRCodeReader.debug.xcconfig */;
			buildSettings = {
				ASSETCATALOG_COMPILER_APPICON_NAME = AppIcon;
				CODE_SIGN_STYLE = Automatic;
				DEVELOPMENT_TEAM = 9CHSEMW6LK;
				INFOPLIST_FILE = QRCodeReader/Info.plist;
				IPHONEOS_DEPLOYMENT_TARGET = 10.3;
				LD_RUNPATH_SEARCH_PATHS = "$(inherited) @executable_path/Frameworks";
				PRODUCT_BUNDLE_IDENTIFIER = vz.QRCodeReader;
				PRODUCT_NAME = "$(TARGET_NAME)";
				SWIFT_VERSION = 4.0;
				TARGETED_DEVICE_FAMILY = "1,2";
			};
			name = Debug;
		};
		F5786E5F2005295700CB4D94 /* Release */ = {
			isa = XCBuildConfiguration;
			baseConfigurationReference = 1DAF3606AC0631159D451D28 /* Pods-QRCodeReader.release.xcconfig */;
			buildSettings = {
				ASSETCATALOG_COMPILER_APPICON_NAME = AppIcon;
				CODE_SIGN_STYLE = Automatic;
				DEVELOPMENT_TEAM = 9CHSEMW6LK;
				INFOPLIST_FILE = QRCodeReader/Info.plist;
				IPHONEOS_DEPLOYMENT_TARGET = 10.3;
				LD_RUNPATH_SEARCH_PATHS = "$(inherited) @executable_path/Frameworks";
				PRODUCT_BUNDLE_IDENTIFIER = vz.QRCodeReader;
				PRODUCT_NAME = "$(TARGET_NAME)";
				SWIFT_VERSION = 4.0;
				TARGETED_DEVICE_FAMILY = "1,2";
			};
			name = Release;
		};
/* End XCBuildConfiguration section */

/* Begin XCConfigurationList section */
		F5786E462005295700CB4D94 /* Build configuration list for PBXProject "QRCodeReader" */ = {
			isa = XCConfigurationList;
			buildConfigurations = (
				F5786E5B2005295700CB4D94 /* Debug */,
				F5786E5C2005295700CB4D94 /* Release */,
			);
			defaultConfigurationIsVisible = 0;
			defaultConfigurationName = Release;
		};
		F5786E5D2005295700CB4D94 /* Build configuration list for PBXNativeTarget "QRCodeReader" */ = {
			isa = XCConfigurationList;
			buildConfigurations = (
				F5786E5E2005295700CB4D94 /* Debug */,
				F5786E5F2005295700CB4D94 /* Release */,
			);
			defaultConfigurationIsVisible = 0;
			defaultConfigurationName = Release;
		};
/* End XCConfigurationList section */
	};
	rootObject = F5786E432005295700CB4D94 /* Project object */;
}
